
Microsoft Visual Studio Solution File, Format Version 12.00
# Visual Studio 15
VisualStudioVersion = 15.0.26430.16
MinimumVisualStudioVersion = 10.0.40219.1
Project("{9A19103F-16F7-4668-BE54-9A1E7A4F7556}") = "Landlords", "Landlords.csproj", "{A75D570D-6B75-469D-88C9-B389C1BE8AEF}"
EndProject
Project("{9A19103F-16F7-4668-BE54-9A1E7A4F7556}") = "Model", "Model\Model.csproj", "{B4C41EC6-0781-4932-898F-AD123B83D275}"
EndProject
Project("{9A19103F-16F7-4668-BE54-9A1E7A4F7556}") = "Landlords.Shared", "Landlords.Shared\Landlords.Shared.csproj", "{8B889565-259A-4A75-AC7F-35C1F71254FF}"
EndProject
Global
	GlobalSection(SolutionConfigurationPlatforms) = preSolution
		Debug|Any CPU = Debug|Any CPU
		Release|Any CPU = Release|Any CPU
	EndGlobalSection
	GlobalSection(ProjectConfigurationPlatforms) = postSolution
		{A75D570D-6B75-469D-88C9-B389C1BE8AEF}.Debug|Any CPU.ActiveCfg = Debug|Any CPU
		{A75D570D-6B75-469D-88C9-B389C1BE8AEF}.Debug|Any CPU.Build.0 = Debug|Any CPU
		{A75D570D-6B75-469D-88C9-B389C1BE8AEF}.Release|Any CPU.ActiveCfg = Release|Any CPU
		{A75D570D-6B75-469D-88C9-B389C1BE8AEF}.Release|Any CPU.Build.0 = Release|Any CPU
		{B4C41EC6-0781-4932-898F-AD123B83D275}.Debug|Any CPU.ActiveCfg = Debug|Any CPU
		{B4C41EC6-0781-4932-898F-AD123B83D275}.Debug|Any CPU.Build.0 = Debug|Any CPU
		{B4C41EC6-0781-4932-898F-AD123B83D275}.Release|Any CPU.ActiveCfg = Release|Any CPU
		{B4C41EC6-0781-4932-898F-AD123B83D275}.Release|Any CPU.Build.0 = Release|Any CPU
		{8B889565-259A-4A75-AC7F-35C1F71254FF}.Debug|Any CPU.ActiveCfg = Debug|Any CPU
		{8B889565-259A-4A75-AC7F-35C1F71254FF}.Debug|Any CPU.Build.0 = Debug|Any CPU
		{8B889565-259A-4A75-AC7F-35C1F71254FF}.Release|Any CPU.ActiveCfg = Release|Any CPU
		{8B889565-259A-4A75-AC7F-35C1F71254FF}.Release|Any CPU.Build.0 = Release|Any CPU
	EndGlobalSection
	GlobalSection(SolutionProperties) = preSolution
		HideSolutionNode = FALSE
	EndGlobalSection
EndGlobal
